// !$*UTF8*$!
{
	archiveVersion = 1;
	classes = {
	};
	objectVersion = 55;
	objects = {

/* Begin PBXBuildFile section */
		EAC3547A27D625D9009E192B /* Tests_iOS.swift in Sources */ = {isa = PBXBuildFile; fileRef = EAC3547927D625D9009E192B /* Tests_iOS.swift */; };
		EAC3547C27D625D9009E192B /* Tests_iOSLaunchTests.swift in Sources */ = {isa = PBXBuildFile; fileRef = EAC3547B27D625D9009E192B /* Tests_iOSLaunchTests.swift */; };
		EAC3548627D625D9009E192B /* Tests_macOS.swift in Sources */ = {isa = PBXBuildFile; fileRef = EAC3548527D625D9009E192B /* Tests_macOS.swift */; };
		EAC3548827D625D9009E192B /* Tests_macOSLaunchTests.swift in Sources */ = {isa = PBXBuildFile; fileRef = EAC3548727D625D9009E192B /* Tests_macOSLaunchTests.swift */; };
		EAC3548927D625D9009E192B /* SwiftUI_ListApp.swift in Sources */ = {isa = PBXBuildFile; fileRef = EAC3546127D625D8009E192B /* SwiftUI_ListApp.swift */; };
		EAC3548A27D625D9009E192B /* SwiftUI_ListApp.swift in Sources */ = {isa = PBXBuildFile; fileRef = EAC3546127D625D8009E192B /* SwiftUI_ListApp.swift */; };
		EAC3548B27D625D9009E192B /* ContentView.swift in Sources */ = {isa = PBXBuildFile; fileRef = EAC3546227D625D8009E192B /* ContentView.swift */; };
		EAC3548C27D625D9009E192B /* ContentView.swift in Sources */ = {isa = PBXBuildFile; fileRef = EAC3546227D625D8009E192B /* ContentView.swift */; };
		EAC3548D27D625D9009E192B /* Assets.xcassets in Resources */ = {isa = PBXBuildFile; fileRef = EAC3546327D625D9009E192B /* Assets.xcassets */; };
		EAC3548E27D625D9009E192B /* Assets.xcassets in Resources */ = {isa = PBXBuildFile; fileRef = EAC3546327D625D9009E192B /* Assets.xcassets */; };
		EAC354A827D626B7009E192B /* Data.swift in Sources */ = {isa = PBXBuildFile; fileRef = EAC354A727D626B7009E192B /* Data.swift */; };
		EAC354A927D626B7009E192B /* Data.swift in Sources */ = {isa = PBXBuildFile; fileRef = EAC354A727D626B7009E192B /* Data.swift */; };
		EAC354AB27D626F6009E192B /* landmarkData.json in Resources */ = {isa = PBXBuildFile; fileRef = EAC354AA27D626F6009E192B /* landmarkData.json */; };
		EAC354AC27D626F6009E192B /* landmarkData.json in Resources */ = {isa = PBXBuildFile; fileRef = EAC354AA27D626F6009E192B /* landmarkData.json */; };
		EAC354AE27D62715009E192B /* ModelData.swift in Sources */ = {isa = PBXBuildFile; fileRef = EAC354AD27D62715009E192B /* ModelData.swift */; };
		EAC354AF27D62715009E192B /* ModelData.swift in Sources */ = {isa = PBXBuildFile; fileRef = EAC354AD27D62715009E192B /* ModelData.swift */; };
		EAC354B127D62916009E192B /* ColorList.swift in Sources */ = {isa = PBXBuildFile; fileRef = EAC354B027D62916009E192B /* ColorList.swift */; };
		EAC354B227D62916009E192B /* ColorList.swift in Sources */ = {isa = PBXBuildFile; fileRef = EAC354B027D62916009E192B /* ColorList.swift */; };
		EAC354B427D6B700009E192B /* UITableViewColor.swift in Sources */ = {isa = PBXBuildFile; fileRef = EAC354B327D6B700009E192B /* UITableViewColor.swift */; };
		EAC354B527D6B700009E192B /* UITableViewColor.swift in Sources */ = {isa = PBXBuildFile; fileRef = EAC354B327D6B700009E192B /* UITableViewColor.swift */; };
/* End PBXBuildFile section */

/* Begin PBXContainerItemProxy section */
		EAC3547627D625D9009E192B /* PBXContainerItemProxy */ = {
			isa = PBXContainerItemProxy;
			containerPortal = EAC3545C27D625D8009E192B /* Project object */;
			proxyType = 1;
			remoteGlobalIDString = EAC3546727D625D9009E192B;
			remoteInfo = "SwiftUI_List (iOS)";
		};
		EAC3548227D625D9009E192B /* PBXContainerItemProxy */ = {
			isa = PBXContainerItemProxy;
			containerPortal = EAC3545C27D625D8009E192B /* Project object */;
			proxyType = 1;
			remoteGlobalIDString = EAC3546D27D625D9009E192B;
			remoteInfo = "SwiftUI_List (macOS)";
		};
/* End PBXContainerItemProxy section */

/* Begin PBXFileReference section */
		EAC3546127D625D8009E192B /* SwiftUI_ListApp.swift */ = {isa = PBXFileReference; lastKnownFileType = sourcecode.swift; path = SwiftUI_ListApp.swift; sourceTree = "<group>"; };
		EAC3546227D625D8009E192B /* ContentView.swift */ = {isa = PBXFileReference; lastKnownFileType = sourcecode.swift; path = ContentView.swift; sourceTree = "<group>"; };
		EAC3546327D625D9009E192B /* Assets.xcassets */ = {isa = PBXFileReference; lastKnownFileType = folder.assetcatalog; path = Assets.xcassets; sourceTree = "<group>"; };
		EAC3546827D625D9009E192B /* SwiftUI_List.app */ = {isa = PBXFileReference; explicitFileType = wrapper.application; includeInIndex = 0; path = SwiftUI_List.app; sourceTree = BUILT_PRODUCTS_DIR; };
		EAC3546E27D625D9009E192B /* SwiftUI_List.app */ = {isa = PBXFileReference; explicitFileType = wrapper.application; includeInIndex = 0; path = SwiftUI_List.app; sourceTree = BUILT_PRODUCTS_DIR; };
		EAC3547027D625D9009E192B /* macOS.entitlements */ = {isa = PBXFileReference; lastKnownFileType = text.plist.entitlements; path = macOS.entitlements; sourceTree = "<group>"; };
		EAC3547527D625D9009E192B /* Tests iOS.xctest */ = {isa = PBXFileReference; explicitFileType = wrapper.cfbundle; includeInIndex = 0; path = "Tests iOS.xctest"; sourceTree = BUILT_PRODUCTS_DIR; };
		EAC3547927D625D9009E192B /* Tests_iOS.swift */ = {isa = PBXFileReference; lastKnownFileType = sourcecode.swift; path = Tests_iOS.swift; sourceTree = "<group>"; };
		EAC3547B27D625D9009E192B /* Tests_iOSLaunchTests.swift */ = {isa = PBXFileReference; lastKnownFileType = sourcecode.swift; path = Tests_iOSLaunchTests.swift; sourceTree = "<group>"; };
		EAC3548127D625D9009E192B /* Tests macOS.xctest */ = {isa = PBXFileReference; explicitFileType = wrapper.cfbundle; includeInIndex = 0; path = "Tests macOS.xctest"; sourceTree = BUILT_PRODUCTS_DIR; };
		EAC3548527D625D9009E192B /* Tests_macOS.swift */ = {isa = PBXFileReference; lastKnownFileType = sourcecode.swift; path = Tests_macOS.swift; sourceTree = "<group>"; };
		EAC3548727D625D9009E192B /* Tests_macOSLaunchTests.swift */ = {isa = PBXFileReference; lastKnownFileType = sourcecode.swift; path = Tests_macOSLaunchTests.swift; sourceTree = "<group>"; };
		EAC354A727D626B7009E192B /* Data.swift */ = {isa = PBXFileReference; lastKnownFileType = sourcecode.swift; path = Data.swift; sourceTree = "<group>"; };
		EAC354AA27D626F6009E192B /* landmarkData.json */ = {isa = PBXFileReference; fileEncoding = 4; lastKnownFileType = text.json; path = landmarkData.json; sourceTree = "<group>"; };
		EAC354AD27D62715009E192B /* ModelData.swift */ = {isa = PBXFileReference; lastKnownFileType = sourcecode.swift; path = ModelData.swift; sourceTree = "<group>"; };
		EAC354B027D62916009E192B /* ColorList.swift */ = {isa = PBXFileReference; lastKnownFileType = sourcecode.swift; path = ColorList.swift; sourceTree = "<group>"; };
		EAC354B327D6B700009E192B /* UITableViewColor.swift */ = {isa = PBXFileReference; lastKnownFileType = sourcecode.swift; path = UITableViewColor.swift; sourceTree = "<group>"; };
/* End PBXFileReference section */

/* Begin PBXFrameworksBuildPhase section */
		EAC3546527D625D9009E192B /* Frameworks */ = {
			isa = PBXFrameworksBuildPhase;
			buildActionMask = 2147483647;
			files = (
			);
			runOnlyForDeploymentPostprocessing = 0;
		};
		EAC3546B27D625D9009E192B /* Frameworks */ = {
			isa = PBXFrameworksBuildPhase;
			buildActionMask = 2147483647;
			files = (
			);
			runOnlyForDeploymentPostprocessing = 0;
		};
		EAC3547227D625D9009E192B /* Frameworks */ = {
			isa = PBXFrameworksBuildPhase;
			buildActionMask = 2147483647;
			files = (
			);
			runOnlyForDeploymentPostprocessing = 0;
		};
		EAC3547E27D625D9009E192B /* Frameworks */ = {
			isa = PBXFrameworksBuildPhase;
			buildActionMask = 2147483647;
			files = (
			);
			runOnlyForDeploymentPostprocessing = 0;
		};
/* End PBXFrameworksBuildPhase section */

/* Begin PBXGroup section */
		EAC3545B27D625D8009E192B = {
			isa = PBXGroup;
			children = (
				EAC3546027D625D8009E192B /* Shared */,
				EAC3546F27D625D9009E192B /* macOS */,
				EAC3547827D625D9009E192B /* Tests iOS */,
				EAC3548427D625D9009E192B /* Tests macOS */,
				EAC3546927D625D9009E192B /* Products */,
			);
			sourceTree = "<group>";
		};
		EAC3546027D625D8009E192B /* Shared */ = {
			isa = PBXGroup;
			children = (
				EAC3546127D625D8009E192B /* SwiftUI_ListApp.swift */,
				EAC354AA27D626F6009E192B /* landmarkData.json */,
				EAC354AD27D62715009E192B /* ModelData.swift */,
				EAC3546227D625D8009E192B /* ContentView.swift */,
				EAC354A727D626B7009E192B /* Data.swift */,
				EAC354B027D62916009E192B /* ColorList.swift */,
				EAC354B327D6B700009E192B /* UITableViewColor.swift */,
				EAC3546327D625D9009E192B /* Assets.xcassets */,
			);
			path = Shared;
			sourceTree = "<group>";
		};
		EAC3546927D625D9009E192B /* Products */ = {
			isa = PBXGroup;
			children = (
				EAC3546827D625D9009E192B /* SwiftUI_List.app */,
				EAC3546E27D625D9009E192B /* SwiftUI_List.app */,
				EAC3547527D625D9009E192B /* Tests iOS.xctest */,
				EAC3548127D625D9009E192B /* Tests macOS.xctest */,
			);
			name = Products;
			sourceTree = "<group>";
		};
		EAC3546F27D625D9009E192B /* macOS */ = {
			isa = PBXGroup;
			children = (
				EAC3547027D625D9009E192B /* macOS.entitlements */,
			);
			path = macOS;
			sourceTree = "<group>";
		};
		EAC3547827D625D9009E192B /* Tests iOS */ = {
			isa = PBXGroup;
			children = (
				EAC3547927D625D9009E192B /* Tests_iOS.swift */,
				EAC3547B27D625D9009E192B /* Tests_iOSLaunchTests.swift */,
			);
			path = "Tests iOS";
			sourceTree = "<group>";
		};
		EAC3548427D625D9009E192B /* Tests macOS */ = {
			isa = PBXGroup;
			children = (
				EAC3548527D625D9009E192B /* Tests_macOS.swift */,
				EAC3548727D625D9009E192B /* Tests_macOSLaunchTests.swift */,
			);
			path = "Tests macOS";
			sourceTree = "<group>";
		};
/* End PBXGroup section */

/* Begin PBXNativeTarget section */
		EAC3546727D625D9009E192B /* SwiftUI_List (iOS) */ = {
			isa = PBXNativeTarget;
			buildConfigurationList = EAC3549127D625D9009E192B /* Build configuration list for PBXNativeTarget "SwiftUI_List (iOS)" */;
			buildPhases = (
				EAC3546427D625D9009E192B /* Sources */,
				EAC3546527D625D9009E192B /* Frameworks */,
				EAC3546627D625D9009E192B /* Resources */,
			);
			buildRules = (
			);
			dependencies = (
			);
			name = "SwiftUI_List (iOS)";
			productName = "SwiftUI_List (iOS)";
			productReference = EAC3546827D625D9009E192B /* SwiftUI_List.app */;
			productType = "com.apple.product-type.application";
		};
		EAC3546D27D625D9009E192B /* SwiftUI_List (macOS) */ = {
			isa = PBXNativeTarget;
			buildConfigurationList = EAC3549427D625D9009E192B /* Build configuration list for PBXNativeTarget "SwiftUI_List (macOS)" */;
			buildPhases = (
				EAC3546A27D625D9009E192B /* Sources */,
				EAC3546B27D625D9009E192B /* Frameworks */,
				EAC3546C27D625D9009E192B /* Resources */,
			);
			buildRules = (
			);
			dependencies = (
			);
			name = "SwiftUI_List (macOS)";
			productName = "SwiftUI_List (macOS)";
			productReference = EAC3546E27D625D9009E192B /* SwiftUI_List.app */;
			productType = "com.apple.product-type.application";
		};
		EAC3547427D625D9009E192B /* Tests iOS */ = {
			isa = PBXNativeTarget;
			buildConfigurationList = EAC3549727D625D9009E192B /* Build configuration list for PBXNativeTarget "Tests iOS" */;
			buildPhases = (
				EAC3547127D625D9009E192B /* Sources */,
				EAC3547227D625D9009E192B /* Frameworks */,
				EAC3547327D625D9009E192B /* Resources */,
			);
			buildRules = (
			);
			dependencies = (
				EAC3547727D625D9009E192B /* PBXTargetDependency */,
			);
			name = "Tests iOS";
			productName = "Tests iOS";
			productReference = EAC3547527D625D9009E192B /* Tests iOS.xctest */;
			productType = "com.apple.product-type.bundle.ui-testing";
		};
		EAC3548027D625D9009E192B /* Tests macOS */ = {
			isa = PBXNativeTarget;
			buildConfigurationList = EAC3549A27D625D9009E192B /* Build configuration list for PBXNativeTarget "Tests macOS" */;
			buildPhases = (
				EAC3547D27D625D9009E192B /* Sources */,
				EAC3547E27D625D9009E192B /* Frameworks */,
				EAC3547F27D625D9009E192B /* Resources */,
			);
			buildRules = (
			);
			dependencies = (
				EAC3548327D625D9009E192B /* PBXTargetDependency */,
			);
			name = "Tests macOS";
			productName = "Tests macOS";
			productReference = EAC3548127D625D9009E192B /* Tests macOS.xctest */;
			productType = "com.apple.product-type.bundle.ui-testing";
		};
/* End PBXNativeTarget section */

/* Begin PBXProject section */
		EAC3545C27D625D8009E192B /* Project object */ = {
			isa = PBXProject;
			attributes = {
				BuildIndependentTargetsInParallel = 1;
				LastSwiftUpdateCheck = 1320;
				LastUpgradeCheck = 1320;
				TargetAttributes = {
					EAC3546727D625D9009E192B = {
						CreatedOnToolsVersion = 13.2.1;
					};
					EAC3546D27D625D9009E192B = {
						CreatedOnToolsVersion = 13.2.1;
					};
					EAC3547427D625D9009E192B = {
						CreatedOnToolsVersion = 13.2.1;
						TestTargetID = EAC3546727D625D9009E192B;
					};
					EAC3548027D625D9009E192B = {
						CreatedOnToolsVersion = 13.2.1;
						TestTargetID = EAC3546D27D625D9009E192B;
					};
				};
			};
			buildConfigurationList = EAC3545F27D625D8009E192B /* Build configuration list for PBXProject "SwiftUI_List" */;
			compatibilityVersion = "Xcode 13.0";
			developmentRegion = en;
			hasScannedForEncodings = 0;
			knownRegions = (
				en,
				Base,
			);
			mainGroup = EAC3545B27D625D8009E192B;
			productRefGroup = EAC3546927D625D9009E192B /* Products */;
			projectDirPath = "";
			projectRoot = "";
			targets = (
				EAC3546727D625D9009E192B /* SwiftUI_List (iOS) */,
				EAC3546D27D625D9009E192B /* SwiftUI_List (macOS) */,
				EAC3547427D625D9009E192B /* Tests iOS */,
				EAC3548027D625D9009E192B /* Tests macOS */,
			);
		};
/* End PBXProject section */

/* Begin PBXResourcesBuildPhase section */
		EAC3546627D625D9009E192B /* Resources */ = {
			isa = PBXResourcesBuildPhase;
			buildActionMask = 2147483647;
			files = (
				EAC3548D27D625D9009E192B /* Assets.xcassets in Resources */,
				EAC354AB27D626F6009E192B /* landmarkData.json in Resources */,
			);
			runOnlyForDeploymentPostprocessing = 0;
		};
		EAC3546C27D625D9009E192B /* Resources */ = {
			isa = PBXResourcesBuildPhase;
			buildActionMask = 2147483647;
			files = (
				EAC3548E27D625D9009E192B /* Assets.xcassets in Resources */,
				EAC354AC27D626F6009E192B /* landmarkData.json in Resources */,
			);
			runOnlyForDeploymentPostprocessing = 0;
		};
		EAC3547327D625D9009E192B /* Resources */ = {
			isa = PBXResourcesBuildPhase;
			buildActionMask = 2147483647;
			files = (
			);
			runOnlyForDeploymentPostprocessing = 0;
		};
		EAC3547F27D625D9009E192B /* Resources */ = {
			isa = PBXResourcesBuildPhase;
			buildActionMask = 2147483647;
			files = (
			);
			runOnlyForDeploymentPostprocessing = 0;
		};
/* End PBXResourcesBuildPhase section */

/* Begin PBXSourcesBuildPhase section */
		EAC3546427D625D9009E192B /* Sources */ = {
			isa = PBXSourcesBuildPhase;
			buildActionMask = 2147483647;
			files = (
				EAC3548B27D625D9009E192B /* ContentView.swift in Sources */,
				EAC354A827D626B7009E192B /* Data.swift in Sources */,
				EAC3548927D625D9009E192B /* SwiftUI_ListApp.swift in Sources */,
				EAC354B127D62916009E192B /* ColorList.swift in Sources */,
				EAC354AE27D62715009E192B /* ModelData.swift in Sources */,
				EAC354B427D6B700009E192B /* UITableViewColor.swift in Sources */,
			);
			runOnlyForDeploymentPostprocessing = 0;
		};
		EAC3546A27D625D9009E192B /* Sources */ = {
			isa = PBXSourcesBuildPhase;
			buildActionMask = 2147483647;
			files = (
				EAC3548C27D625D9009E192B /* ContentView.swift in Sources */,
				EAC354A927D626B7009E192B /* Data.swift in Sources */,
				EAC3548A27D625D9009E192B /* SwiftUI_ListApp.swift in Sources */,
				EAC354B227D62916009E192B /* ColorList.swift in Sources */,
				EAC354AF27D62715009E192B /* ModelData.swift in Sources */,
				EAC354B527D6B700009E192B /* UITableViewColor.swift in Sources */,
			);
			runOnlyForDeploymentPostprocessing = 0;
		};
		EAC3547127D625D9009E192B /* Sources */ = {
			isa = PBXSourcesBuildPhase;
			buildActionMask = 2147483647;
			files = (
				EAC3547C27D625D9009E192B /* Tests_iOSLaunchTests.swift in Sources */,
				EAC3547A27D625D9009E192B /* Tests_iOS.swift in Sources */,
			);
			runOnlyForDeploymentPostprocessing = 0;
		};
		EAC3547D27D625D9009E192B /* Sources */ = {
			isa = PBXSourcesBuildPhase;
			buildActionMask = 2147483647;
			files = (
				EAC3548827D625D9009E192B /* Tests_macOSLaunchTests.swift in Sources */,
				EAC3548627D625D9009E192B /* Tests_macOS.swift in Sources */,
			);
			runOnlyForDeploymentPostprocessing = 0;
		};
/* End PBXSourcesBuildPhase section */

/* Begin PBXTargetDependency section */
		EAC3547727D625D9009E192B /* PBXTargetDependency */ = {
			isa = PBXTargetDependency;
			target = EAC3546727D625D9009E192B /* SwiftUI_List (iOS) */;
			targetProxy = EAC3547627D625D9009E192B /* PBXContainerItemProxy */;
		};
		EAC3548327D625D9009E192B /* PBXTargetDependency */ = {
			isa = PBXTargetDependency;
			target = EAC3546D27D625D9009E192B /* SwiftUI_List (macOS) */;
			targetProxy = EAC3548227D625D9009E192B /* PBXContainerItemProxy */;
		};
/* End PBXTargetDependency section */

/* Begin XCBuildConfiguration section */
		EAC3548F27D625D9009E192B /* Debug */ = {
			isa = XCBuildConfiguration;
			buildSettings = {
				ALWAYS_SEARCH_USER_PATHS = NO;
				CLANG_ANALYZER_NONNULL = YES;
				CLANG_ANALYZER_NUMBER_OBJECT_CONVERSION = YES_AGGRESSIVE;
				CLANG_CXX_LANGUAGE_STANDARD = "gnu++17";
				CLANG_CXX_LIBRARY = "libc++";
				CLANG_ENABLE_MODULES = YES;
				CLANG_ENABLE_OBJC_ARC = YES;
				CLANG_ENABLE_OBJC_WEAK = YES;
				CLANG_WARN_BLOCK_CAPTURE_AUTORELEASING = YES;
				CLANG_WARN_BOOL_CONVERSION = YES;
				CLANG_WARN_COMMA = YES;
				CLANG_WARN_CONSTANT_CONVERSION = YES;
				CLANG_WARN_DEPRECATED_OBJC_IMPLEMENTATIONS = YES;
				CLANG_WARN_DIRECT_OBJC_ISA_USAGE = YES_ERROR;
				CLANG_WARN_DOCUMENTATION_COMMENTS = YES;
				CLANG_WARN_EMPTY_BODY = YES;
				CLANG_WARN_ENUM_CONVERSION = YES;
				CLANG_WARN_INFINITE_RECURSION = YES;
				CLANG_WARN_INT_CONVERSION = YES;
				CLANG_WARN_NON_LITERAL_NULL_CONVERSION = YES;
				CLANG_WARN_OBJC_IMPLICIT_RETAIN_SELF = YES;
				CLANG_WARN_OBJC_LITERAL_CONVERSION = YES;
				CLANG_WARN_OBJC_ROOT_CLASS = YES_ERROR;
				CLANG_WARN_QUOTED_INCLUDE_IN_FRAMEWORK_HEADER = YES;
				CLANG_WARN_RANGE_LOOP_ANALYSIS = YES;
				CLANG_WARN_STRICT_PROTOTYPES = YES;
				CLANG_WARN_SUSPICIOUS_MOVE = YES;
				CLANG_WARN_UNGUARDED_AVAILABILITY = YES_AGGRESSIVE;
				CLANG_WARN_UNREACHABLE_CODE = YES;
				CLANG_WARN__DUPLICATE_METHOD_MATCH = YES;
				COPY_PHASE_STRIP = NO;
				DEBUG_INFORMATION_FORMAT = dwarf;
				ENABLE_STRICT_OBJC_MSGSEND = YES;
				ENABLE_TESTABILITY = YES;
				GCC_C_LANGUAGE_STANDARD = gnu11;
				GCC_DYNAMIC_NO_PIC = NO;
				GCC_NO_COMMON_BLOCKS = YES;
				GCC_OPTIMIZATION_LEVEL = 0;
				GCC_PREPROCESSOR_DEFINITIONS = (
					"DEBUG=1",
					"$(inherited)",
				);
				GCC_WARN_64_TO_32_BIT_CONVERSION = YES;
				GCC_WARN_ABOUT_RETURN_TYPE = YES_ERROR;
				GCC_WARN_UNDECLARED_SELECTOR = YES;
				GCC_WARN_UNINITIALIZED_AUTOS = YES_AGGRESSIVE;
				GCC_WARN_UNUSED_FUNCTION = YES;
				GCC_WARN_UNUSED_VARIABLE = YES;
				MTL_ENABLE_DEBUG_INFO = INCLUDE_SOURCE;
				MTL_FAST_MATH = YES;
				ONLY_ACTIVE_ARCH = YES;
				SWIFT_ACTIVE_COMPILATION_CONDITIONS = DEBUG;
				SWIFT_OPTIMIZATION_LEVEL = "-Onone";
			};
			name = Debug;
		};
		EAC3549027D625D9009E192B /* Release */ = {
			isa = XCBuildConfiguration;
			buildSettings = {
				ALWAYS_SEARCH_USER_PATHS = NO;
				CLANG_ANALYZER_NONNULL = YES;
				CLANG_ANALYZER_NUMBER_OBJECT_CONVERSION = YES_AGGRESSIVE;
				CLANG_CXX_LANGUAGE_STANDARD = "gnu++17";
				CLANG_CXX_LIBRARY = "libc++";
				CLANG_ENABLE_MODULES = YES;
				CLANG_ENABLE_OBJC_ARC = YES;
				CLANG_ENABLE_OBJC_WEAK = YES;
				CLANG_WARN_BLOCK_CAPTURE_AUTORELEASING = YES;
				CLANG_WARN_BOOL_CONVERSION = YES;
				CLANG_WARN_COMMA = YES;
				CLANG_WARN_CONSTANT_CONVERSION = YES;
				CLANG_WARN_DEPRECATED_OBJC_IMPLEMENTATIONS = YES;
				CLANG_WARN_DIRECT_OBJC_ISA_USAGE = YES_ERROR;
				CLANG_WARN_DOCUMENTATION_COMMENTS = YES;
				CLANG_WARN_EMPTY_BODY = YES;
				CLANG_WARN_ENUM_CONVERSION = YES;
				CLANG_WARN_INFINITE_RECURSION = YES;
				CLANG_WARN_INT_CONVERSION = YES;
				CLANG_WARN_NON_LITERAL_NULL_CONVERSION = YES;
				CLANG_WARN_OBJC_IMPLICIT_RETAIN_SELF = YES;
				CLANG_WARN_OBJC_LITERAL_CONVERSION = YES;
				CLANG_WARN_OBJC_ROOT_CLASS = YES_ERROR;
				CLANG_WARN_QUOTED_INCLUDE_IN_FRAMEWORK_HEADER = YES;
				CLANG_WARN_RANGE_LOOP_ANALYSIS = YES;
				CLANG_WARN_STRICT_PROTOTYPES = YES;
				CLANG_WARN_SUSPICIOUS_MOVE = YES;
				CLANG_WARN_UNGUARDED_AVAILABILITY = YES_AGGRESSIVE;
				CLANG_WARN_UNREACHABLE_CODE = YES;
				CLANG_WARN__DUPLICATE_METHOD_MATCH = YES;
				COPY_PHASE_STRIP = NO;
				DEBUG_INFORMATION_FORMAT = "dwarf-with-dsym";
				ENABLE_NS_ASSERTIONS = NO;
				ENABLE_STRICT_OBJC_MSGSEND = YES;
				GCC_C_LANGUAGE_STANDARD = gnu11;
				GCC_NO_COMMON_BLOCKS = YES;
				GCC_WARN_64_TO_32_BIT_CONVERSION = YES;
				GCC_WARN_ABOUT_RETURN_TYPE = YES_ERROR;
				GCC_WARN_UNDECLARED_SELECTOR = YES;
				GCC_WARN_UNINITIALIZED_AUTOS = YES_AGGRESSIVE;
				GCC_WARN_UNUSED_FUNCTION = YES;
				GCC_WARN_UNUSED_VARIABLE = YES;
				MTL_ENABLE_DEBUG_INFO = NO;
				MTL_FAST_MATH = YES;
				SWIFT_COMPILATION_MODE = wholemodule;
				SWIFT_OPTIMIZATION_LEVEL = "-O";
			};
			name = Release;
		};
		EAC3549227D625D9009E192B /* Debug */ = {
			isa = XCBuildConfiguration;
			buildSettings = {
				ASSETCATALOG_COMPILER_APPICON_NAME = AppIcon;
				ASSETCATALOG_COMPILER_GLOBAL_ACCENT_COLOR_NAME = AccentColor;
				CODE_SIGN_STYLE = Automatic;
				CURRENT_PROJECT_VERSION = 1;
				ENABLE_PREVIEWS = YES;
				GENERATE_INFOPLIST_FILE = YES;
				INFOPLIST_KEY_UIApplicationSceneManifest_Generation = YES;
				INFOPLIST_KEY_UIApplicationSupportsIndirectInputEvents = YES;
				INFOPLIST_KEY_UILaunchScreen_Generation = YES;
				INFOPLIST_KEY_UISupportedInterfaceOrientations_iPad = "UIInterfaceOrientationPortrait UIInterfaceOrientationPortraitUpsideDown UIInterfaceOrientationLandscapeLeft UIInterfaceOrientationLandscapeRight";
				INFOPLIST_KEY_UISupportedInterfaceOrientations_iPhone = "UIInterfaceOrientationPortrait UIInterfaceOrientationLandscapeLeft UIInterfaceOrientationLandscapeRight";
				IPHONEOS_DEPLOYMENT_TARGET = 15.2;
				LD_RUNPATH_SEARCH_PATHS = (
					"$(inherited)",
					"@executable_path/Frameworks",
				);
				MARKETING_VERSION = 1.0;
				PRODUCT_BUNDLE_IDENTIFIER = "com.tomokagemo.SwiftUI-List";
				PRODUCT_NAME = SwiftUI_List;
				SDKROOT = iphoneos;
				SWIFT_EMIT_LOC_STRINGS = YES;
				SWIFT_VERSION = 5.0;
				TARGETED_DEVICE_FAMILY = "1,2";
			};
			name = Debug;
		};
		EAC3549327D625D9009E192B /* Release */ = {
			isa = XCBuildConfiguration;
			buildSettings = {
				ASSETCATALOG_COMPILER_APPICON_NAME = AppIcon;
				ASSETCATALOG_COMPILER_GLOBAL_ACCENT_COLOR_NAME = AccentColor;
				CODE_SIGN_STYLE = Automatic;
				CURRENT_PROJECT_VERSION = 1;
				ENABLE_PREVIEWS = YES;
				GENERATE_INFOPLIST_FILE = YES;
				INFOPLIST_KEY_UIApplicationSceneManifest_Generation = YES;
				INFOPLIST_KEY_UIApplicationSupportsIndirectInputEvents = YES;
				INFOPLIST_KEY_UILaunchScreen_Generation = YES;
				INFOPLIST_KEY_UISupportedInterfaceOrientations_iPad = "UIInterfaceOrientationPortrait UIInterfaceOrientationPortraitUpsideDown UIInterfaceOrientationLandscapeLeft UIInterfaceOrientationLandscapeRight";
				INFOPLIST_KEY_UISupportedInterfaceOrientations_iPhone = "UIInterfaceOrientationPortrait UIInterfaceOrientationLandscapeLeft UIInterfaceOrientationLandscapeRight";
				IPHONEOS_DEPLOYMENT_TARGET = 15.2;
				LD_RUNPATH_SEARCH_PATHS = (
					"$(inherited)",
					"@executable_path/Frameworks",
				);
				MARKETING_VERSION = 1.0;
				PRODUCT_BUNDLE_IDENTIFIER = "com.tomokagemo.SwiftUI-List";
				PRODUCT_NAME = SwiftUI_List;
				SDKROOT = iphoneos;
				SWIFT_EMIT_LOC_STRINGS = YES;
				SWIFT_VERSION = 5.0;
				TARGETED_DEVICE_FAMILY = "1,2";
				VALIDATE_PRODUCT = YES;
			};
			name = Release;
		};
		EAC3549527D625D9009E192B /* Debug */ = {
			isa = XCBuildConfiguration;
			buildSettings = {
				ASSETCATALOG_COMPILER_APPICON_NAME = AppIcon;
				ASSETCATALOG_COMPILER_GLOBAL_ACCENT_COLOR_NAME = AccentColor;
				CODE_SIGN_ENTITLEMENTS = macOS/macOS.entitlements;
				CODE_SIGN_STYLE = Automatic;
				COMBINE_HIDPI_IMAGES = YES;
				CURRENT_PROJECT_VERSION = 1;
				ENABLE_PREVIEWS = YES;
				GENERATE_INFOPLIST_FILE = YES;
				INFOPLIST_KEY_NSHumanReadableCopyright = "";
				LD_RUNPATH_SEARCH_PATHS = (
					"$(inherited)",
					"@executable_path/../Frameworks",
				);
				MACOSX_DEPLOYMENT_TARGET = 12.1;
				MARKETING_VERSION = 1.0;
				PRODUCT_BUNDLE_IDENTIFIER = "com.tomokagemo.SwiftUI-List";
				PRODUCT_NAME = SwiftUI_List;
				SDKROOT = macosx;
				SWIFT_EMIT_LOC_STRINGS = YES;
				SWIFT_VERSION = 5.0;
			};
			name = Debug;
		};
		EAC3549627D625D9009E192B /* Release */ = {
			isa = XCBuildConfiguration;
			buildSettings = {
				ASSETCATALOG_COMPILER_APPICON_NAME = AppIcon;
				ASSETCATALOG_COMPILER_GLOBAL_ACCENT_COLOR_NAME = AccentColor;
				CODE_SIGN_ENTITLEMENTS = macOS/macOS.entitlements;
				CODE_SIGN_STYLE = Automatic;
				COMBINE_HIDPI_IMAGES = YES;
				CURRENT_PROJECT_VERSION = 1;
				ENABLE_PREVIEWS = YES;
				GENERATE_INFOPLIST_FILE = YES;
				INFOPLIST_KEY_NSHumanReadableCopyright = "";
				LD_RUNPATH_SEARCH_PATHS = (
					"$(inherited)",
					"@executable_path/../Frameworks",
				);
				MACOSX_DEPLOYMENT_TARGET = 12.1;
				MARKETING_VERSION = 1.0;
				PRODUCT_BUNDLE_IDENTIFIER = "com.tomokagemo.SwiftUI-List";
				PRODUCT_NAME = SwiftUI_List;
				SDKROOT = macosx;
				SWIFT_EMIT_LOC_STRINGS = YES;
				SWIFT_VERSION = 5.0;
			};
			name = Release;
		};
		EAC3549827D625D9009E192B /* Debug */ = {
			isa = XCBuildConfiguration;
			buildSettings = {
				ALWAYS_EMBED_SWIFT_STANDARD_LIBRARIES = YES;
				CODE_SIGN_STYLE = Automatic;
				CURRENT_PROJECT_VERSION = 1;
				GENERATE_INFOPLIST_FILE = YES;
				IPHONEOS_DEPLOYMENT_TARGET = 15.2;
				MARKETING_VERSION = 1.0;
				PRODUCT_BUNDLE_IDENTIFIER = "com.tomokagemo.Tests-iOS";
				PRODUCT_NAME = "$(TARGET_NAME)";
				SDKROOT = iphoneos;
				SWIFT_EMIT_LOC_STRINGS = NO;
				SWIFT_VERSION = 5.0;
				TARGETED_DEVICE_FAMILY = "1,2";
				TEST_TARGET_NAME = "SwiftUI_List (iOS)";
			};
			name = Debug;
		};
		EAC3549927D625D9009E192B /* Release */ = {
			isa = XCBuildConfiguration;
			buildSettings = {
				ALWAYS_EMBED_SWIFT_STANDARD_LIBRARIES = YES;
				CODE_SIGN_STYLE = Automatic;
				CURRENT_PROJECT_VERSION = 1;
				GENERATE_INFOPLIST_FILE = YES;
				IPHONEOS_DEPLOYMENT_TARGET = 15.2;
				MARKETING_VERSION = 1.0;
				PRODUCT_BUNDLE_IDENTIFIER = "com.tomokagemo.Tests-iOS";
				PRODUCT_NAME = "$(TARGET_NAME)";
				SDKROOT = iphoneos;
				SWIFT_EMIT_LOC_STRINGS = NO;
				SWIFT_VERSION = 5.0;
				TARGETED_DEVICE_FAMILY = "1,2";
				TEST_TARGET_NAME = "SwiftUI_List (iOS)";
				VALIDATE_PRODUCT = YES;
			};
			name = Release;
		};
		EAC3549B27D625D9009E192B /* Debug */ = {
			isa = XCBuildConfiguration;
			buildSettings = {
				ALWAYS_EMBED_SWIFT_STANDARD_LIBRARIES = YES;
				CODE_SIGN_STYLE = Automatic;
				CURRENT_PROJECT_VERSION = 1;
				GENERATE_INFOPLIST_FILE = YES;
				MACOSX_DEPLOYMENT_TARGET = 12.1;
				MARKETING_VERSION = 1.0;
				PRODUCT_BUNDLE_IDENTIFIER = "com.tomokagemo.Tests-macOS";
				PRODUCT_NAME = "$(TARGET_NAME)";
				SDKROOT = macosx;
				SWIFT_EMIT_LOC_STRINGS = NO;
				SWIFT_VERSION = 5.0;
				TEST_TARGET_NAME = "SwiftUI_List (macOS)";
			};
			name = Debug;
		};
		EAC3549C27D625D9009E192B /* Release */ = {
			isa = XCBuildConfiguration;
			buildSettings = {
				ALWAYS_EMBED_SWIFT_STANDARD_LIBRARIES = YES;
				CODE_SIGN_STYLE = Automatic;
				CURRENT_PROJECT_VERSION = 1;
				GENERATE_INFOPLIST_FILE = YES;
				MACOSX_DEPLOYMENT_TARGET = 12.1;
				MARKETING_VERSION = 1.0;
				PRODUCT_BUNDLE_IDENTIFIER = "com.tomokagemo.Tests-macOS";
				PRODUCT_NAME = "$(TARGET_NAME)";
				SDKROOT = macosx;
				SWIFT_EMIT_LOC_STRINGS = NO;
				SWIFT_VERSION = 5.0;
				TEST_TARGET_NAME = "SwiftUI_List (macOS)";
			};
			name = Release;
		};
/* End XCBuildConfiguration section */

/* Begin XCConfigurationList section */
		EAC3545F27D625D8009E192B /* Build configuration list for PBXProject "SwiftUI_List" */ = {
			isa = XCConfigurationList;
			buildConfigurations = (
				EAC3548F27D625D9009E192B /* Debug */,
				EAC3549027D625D9009E192B /* Release */,
			);
			defaultConfigurationIsVisible = 0;
			defaultConfigurationName = Release;
		};
		EAC3549127D625D9009E192B /* Build configuration list for PBXNativeTarget "SwiftUI_List (iOS)" */ = {
			isa = XCConfigurationList;
			buildConfigurations = (
				EAC3549227D625D9009E192B /* Debug */,
				EAC3549327D625D9009E192B /* Release */,
			);
			defaultConfigurationIsVisible = 0;
			defaultConfigurationName = Release;
		};
		EAC3549427D625D9009E192B /* Build configuration list for PBXNativeTarget "SwiftUI_List (macOS)" */ = {
			isa = XCConfigurationList;
			buildConfigurations = (
				EAC3549527D625D9009E192B /* Debug */,
				EAC3549627D625D9009E192B /* Release */,
			);
			defaultConfigurationIsVisible = 0;
			defaultConfigurationName = Release;
		};
		EAC3549727D625D9009E192B /* Build configuration list for PBXNativeTarget "Tests iOS" */ = {
			isa = XCConfigurationList;
			buildConfigurations = (
				EAC3549827D625D9009E192B /* Debug */,
				EAC3549927D625D9009E192B /* Release */,
			);
			defaultConfigurationIsVisible = 0;
			defaultConfigurationName = Release;
		};
		EAC3549A27D625D9009E192B /* Build configuration list for PBXNativeTarget "Tests macOS" */ = {
			isa = XCConfigurationList;
			buildConfigurations = (
				EAC3549B27D625D9009E192B /* Debug */,
				EAC3549C27D625D9009E192B /* Release */,
			);
			defaultConfigurationIsVisible = 0;
			defaultConfigurationName = Release;
		};
/* End XCConfigurationList section */
	};
	rootObject = EAC3545C27D625D8009E192B /* Project object */;
}
